
Microsoft Visual Studio Solution File, Format Version 11.00
# Visual Studio 2010
Project("{FAE04EC0-301F-11D3-BF4B-00C04F79EFBC}") = "Dino-AR", "Assembly-CSharp.csproj", "{8118171A-6EBF-F7C9-BAAA-1F09A12AD699}"
EndProject
Project("{FAE04EC0-301F-11D3-BF4B-00C04F79EFBC}") = "Dino-AR", "Assembly-CSharp-Editor.csproj", "{ECE71007-C43A-0679-EFB5-28296B37D3BD}"
EndProject
Global
	GlobalSection(SolutionConfigurationPlatforms) = preSolution
		Debug|Any CPU = Debug|Any CPU
		Release|Any CPU = Release|Any CPU
	EndGlobalSection
	GlobalSection(ProjectConfigurationPlatforms) = postSolution
		{8118171A-6EBF-F7C9-BAAA-1F09A12AD699}.Debug|Any CPU.ActiveCfg = Debug|Any CPU
		{8118171A-6EBF-F7C9-BAAA-1F09A12AD699}.Debug|Any CPU.Build.0 = Debug|Any CPU
		{8118171A-6EBF-F7C9-BAAA-1F09A12AD699}.Release|Any CPU.ActiveCfg = Release|Any CPU
		{8118171A-6EBF-F7C9-BAAA-1F09A12AD699}.Release|Any CPU.Build.0 = Release|Any CPU
		{ECE71007-C43A-0679-EFB5-28296B37D3BD}.Debug|Any CPU.ActiveCfg = Debug|Any CPU
		{ECE71007-C43A-0679-EFB5-28296B37D3BD}.Debug|Any CPU.Build.0 = Debug|Any CPU
		{ECE71007-C43A-0679-EFB5-28296B37D3BD}.Release|Any CPU.ActiveCfg = Release|Any CPU
		{ECE71007-C43A-0679-EFB5-28296B37D3BD}.Release|Any CPU.Build.0 = Release|Any CPU
	EndGlobalSection
	GlobalSection(SolutionProperties) = preSolution
		HideSolutionNode = FALSE
	EndGlobalSection
	GlobalSection(MonoDevelopProperties) = preSolution
		StartupItem = Assembly-CSharp.csproj
	EndGlobalSection
EndGlobal
